<?xml version="1.0" encoding="utf-8"?>
<Project ToolsVersion="4.0" xmlns="http://schemas.microsoft.com/developer/msbuild/2003">
  <ItemGroup>
    <Filter Include="Source Files">
      <UniqueIdentifier>{4FC737F1-C7A5-4376-A066-2A32D752A2FF}</UniqueIdentifier>
      <Extensions>cpp;c;cc;cxx;def;odl;idl;hpj;bat;asm;asmx</Extensions>
    </Filter>
    <Filter Include="Header Files">
      <UniqueIdentifier>{93995380-89BD-4b04-88EB-625FBE52EBFB}</UniqueIdentifier>
      <Extensions>h;hpp;hxx;hm;inl;inc;xsd</Extensions>
    </Filter>
    <Filter Include="Resource Files">
      <UniqueIdentifier>{67DA6AB6-F800-4c08-8B7A-83BB121AAD01}</UniqueIdentifier>
      <Extensions>rc;ico;cur;bmp;dlg;rc2;rct;bin;rgs;gif;jpg;jpeg;jpe;resx;tiff;tif;png;wav</Extensions>
    </Filter>
  </ItemGroup>
  <ItemGroup>
    <ClInclude Include="..\lib\direct\atomic.h">
      <Filter>Header Files</Filter>
    </ClInclude>
    <ClInclude Include="..\lib\direct\clock.h">
      <Filter>Header Files</Filter>
    </ClInclude>
    <ClInclude Include="..\lib\direct\compiler.h">
      <Filter>Header Files</Filter>
    </ClInclude>
    <ClInclude Include="..\lib\direct\conf.h">
      <Filter>Header Files</Filter>
    </ClInclude>
    <ClInclude Include="..\lib\direct\debug.h">
      <Filter>Header Files</Filter>
    </ClInclude>
    <ClInclude Include="..\lib\direct\direct.h">
      <Filter>Header Files</Filter>
    </ClInclude>
    <ClInclude Include="..\lib\direct\fifo.h">
      <Filter>Header Files</Filter>
    </ClInclude>
    <ClInclude Include="..\lib\direct\filesystem.h">
      <Filter>Header Files</Filter>
    </ClInclude>
    <ClInclude Include="..\lib\direct\hash.h">
      <Filter>Header Files</Filter>
    </ClInclude>
    <ClInclude Include="..\lib\direct\interface.h">
      <Filter>Header Files</Filter>
    </ClInclude>
    <ClInclude Include="..\lib\direct\interface_implementation.h">
      <Filter>Header Files</Filter>
    </ClInclude>
    <ClInclude Include="..\lib\direct\list.h">
      <Filter>Header Files</Filter>
    </ClInclude>
    <ClInclude Include="..\lib\direct\log.h">
      <Filter>Header Files</Filter>
    </ClInclude>
    <ClInclude Include="..\lib\direct\log_domain.h">
      <Filter>Header Files</Filter>
    </ClInclude>
    <ClInclude Include="..\lib\direct\map.h">
      <Filter>Header Files</Filter>
    </ClInclude>
    <ClInclude Include="..\lib\direct\mem.h">
      <Filter>Header Files</Filter>
    </ClInclude>
    <ClInclude Include="..\lib\direct\memcpy.h">
      <Filter>Header Files</Filter>
    </ClInclude>
    <ClInclude Include="..\lib\direct\messages.h">
      <Filter>Header Files</Filter>
    </ClInclude>
    <ClInclude Include="..\lib\direct\modules.h">
      <Filter>Header Files</Filter>
    </ClInclude>
    <ClInclude Include="..\lib\direct\print.h">
      <Filter>Header Files</Filter>
    </ClInclude>
    <ClInclude Include="..\lib\direct\processor.h">
      <Filter>Header Files</Filter>
    </ClInclude>
    <ClInclude Include="..\lib\direct\result.h">
      <Filter>Header Files</Filter>
    </ClInclude>
    <ClInclude Include="..\lib\direct\serial.h">
      <Filter>Header Files</Filter>
    </ClInclude>
    <ClInclude Include="..\lib\direct\signals.h">
      <Filter>Header Files</Filter>
    </ClInclude>
    <ClInclude Include="..\lib\direct\stream.h">
      <Filter>Header Files</Filter>
    </ClInclude>
    <ClInclude Include="..\lib\direct\system.h">
      <Filter>Header Files</Filter>
    </ClInclude>
    <ClInclude Include="..\lib\direct\thread.h">
      <Filter>Header Files</Filter>
    </ClInclude>
    <ClInclude Include="..\lib\direct\trace.h">
      <Filter>Header Files</Filter>
    </ClInclude>
    <ClInclude Include="..\lib\direct\tree.h">
      <Filter>Header Files</Filter>
    </ClInclude>
    <ClInclude Include="..\lib\direct\types.h">
      <Filter>Header Files</Filter>
    </ClInclude>
    <ClInclude Include="..\lib\direct\utf8.h">
      <Filter>Header Files</Filter>
    </ClInclude>
    <ClInclude Include="..\lib\direct\util.h">
      <Filter>Header Files</Filter>
    </ClInclude>
    <ClInclude Include="..\lib\direct\uuid.h">
      <Filter>Header Files</Filter>
    </ClInclude>
    <ClInclude Include="direct\build.h">
      <Filter>Header Files</Filter>
    </ClInclude>
    <ClInclude Include="..\lib\direct\os\win32\filesystem.h">
      <Filter>Header Files</Filter>
    </ClInclude>
    <ClInclude Include="..\lib\direct\os\win32\mutex.h">
      <Filter>Header Files</Filter>
    </ClInclude>
    <ClInclude Include="..\lib\direct\os\win32\thread.h">
      <Filter>Header Files</Filter>
    </ClInclude>
    <ClInclude Include="..\lib\direct\os\win32\types.h">
      <Filter>Header Files</Filter>
    </ClInclude>
    <ClInclude Include="..\lib\direct\os\win32\waitqueue.h">
      <Filter>Header Files</Filter>
    </ClInclude>
    <ClInclude Include="..\lib\direct\os\clock.h">
      <Filter>Header Files</Filter>
    </ClInclude>
    <ClInclude Include="..\lib\direct\os\filesystem.h">
      <Filter>Header Files</Filter>
    </ClInclude>
    <ClInclude Include="..\lib\direct\os\log.h">
      <Filter>Header Files</Filter>
    </ClInclude>
    <ClInclude Include="..\lib\direct\os\mem.h">
      <Filter>Header Files</Filter>
    </ClInclude>
    <ClInclude Include="..\lib\direct\os\mutex.h">
      <Filter>Header Files</Filter>
    </ClInclude>
    <ClInclude Include="..\lib\direct\os\signals.h">
      <Filter>Header Files</Filter>
    </ClInclude>
    <ClInclude Include="..\lib\direct\os\system.h">
      <Filter>Header Files</Filter>
    </ClInclude>
    <ClInclude Include="..\lib\direct\os\thread.h">
      <Filter>Header Files</Filter>
    </ClInclude>
    <ClInclude Include="..\lib\direct\os\tls.h">
      <Filter>Header Files</Filter>
    </ClInclude>
    <ClInclude Include="..\lib\direct\os\types.h">
      <Filter>Header Files</Filter>
    </ClInclude>
    <ClInclude Include="..\lib\direct\os\waitqueue.h">
      <Filter>Header Files</Filter>
    </ClInclude>
    <ClInclude Include="..\lib\direct\init.h">
      <Filter>Header Files</Filter>
    </ClInclude>
  </ItemGroup>
  <ItemGroup>
    <ClCompile Include="..\lib\direct\clock.c">
      <Filter>Source Files</Filter>
    </ClCompile>
    <ClCompile Include="..\lib\direct\conf.c">
      <Filter>Source Files</Filter>
    </ClCompile>
    <ClCompile Include="..\lib\direct\debug.c">
      <Filter>Source Files</Filter>
    </ClCompile>
    <ClCompile Include="..\lib\direct\direct.c">
      <Filter>Source Files</Filter>
    </ClCompile>
    <ClCompile Include="..\lib\direct\hash.c">
      <Filter>Source Files</Filter>
    </ClCompile>
    <ClCompile Include="..\lib\direct\interface.c">
      <Filter>Source Files</Filter>
    </ClCompile>
    <ClCompile Include="..\lib\direct\list.c">
      <Filter>Source Files</Filter>
    </ClCompile>
    <ClCompile Include="..\lib\direct\log.c">
      <Filter>Source Files</Filter>
    </ClCompile>
    <ClCompile Include="..\lib\direct\log_domain.c">
      <Filter>Source Files</Filter>
    </ClCompile>
    <ClCompile Include="..\lib\direct\map.c">
      <Filter>Source Files</Filter>
    </ClCompile>
    <ClCompile Include="..\lib\direct\mem.c">
      <Filter>Source Files</Filter>
    </ClCompile>
    <ClCompile Include="..\lib\direct\memcpy.c">
      <Filter>Source Files</Filter>
    </ClCompile>
    <ClCompile Include="..\lib\direct\messages.c">
      <Filter>Source Files</Filter>
    </ClCompile>
    <ClCompile Include="..\lib\direct\modules.c">
      <Filter>Source Files</Filter>
    </ClCompile>
    <ClCompile Include="..\lib\direct\print.c">
      <Filter>Source Files</Filter>
    </ClCompile>
    <ClCompile Include="..\lib\direct\result.c">
      <Filter>Source Files</Filter>
    </ClCompile>
    <ClCompile Include="..\lib\direct\serial.c">
      <Filter>Source Files</Filter>
    </ClCompile>
    <ClCompile Include="..\lib\direct\system.c">
      <Filter>Source Files</Filter>
    </ClCompile>
    <ClCompile Include="..\lib\direct\thread.c">
      <Filter>Source Files</Filter>
    </ClCompile>
    <ClCompile Include="..\lib\direct\trace.c">
      <Filter>Source Files</Filter>
    </ClCompile>
    <ClCompile Include="..\lib\direct\tree.c">
      <Filter>Source Files</Filter>
    </ClCompile>
    <ClCompile Include="..\lib\direct\utf8.c">
      <Filter>Source Files</Filter>
    </ClCompile>
    <ClCompile Include="..\lib\direct\util.c">
      <Filter>Source Files</Filter>
    </ClCompile>
    <ClCompile Include="..\lib\direct\uuid.c">
      <Filter>Source Files</Filter>
    </ClCompile>
    <ClCompile Include="..\lib\direct\os\win32\deprecated.c">
      <Filter>Source Files</Filter>
    </ClCompile>
    <ClCompile Include="..\lib\direct\os\win32\signals.c">
      <Filter>Source Files</Filter>
    </ClCompile>
    <ClCompile Include="..\lib\direct\os\win32\signal.c">
      <Filter>Source Files</Filter>
    </ClCompile>
    <ClCompile Include="..\lib\direct\os\win32\clock_win32.c">
      <Filter>Source Files</Filter>
    </ClCompile>
    <ClCompile Include="..\lib\direct\os\win32\log_win32.c">
      <Filter>Source Files</Filter>
    </ClCompile>
    <ClCompile Include="..\lib\direct\os\win32\mem_win32.c">
      <Filter>Source Files</Filter>
    </ClCompile>
    <ClCompile Include="..\lib\direct\os\win32\system_win32.c">
      <Filter>Source Files</Filter>
    </ClCompile>
    <ClCompile Include="..\lib\direct\os\win32\thread_win32.c">
      <Filter>Source Files</Filter>
    </ClCompile>
    <ClCompile Include="..\lib\direct\os\win32\util_win32.c">
      <Filter>Source Files</Filter>
    </ClCompile>
    <ClCompile Include="..\lib\direct\stream.c">
      <Filter>Source Files</Filter>
    </ClCompile>
    <ClCompile Include="..\lib\direct\os\win32\filesystem_win32.c">
      <Filter>Source Files</Filter>
    </ClCompile>
    <ClCompile Include="..\lib\direct\init.c">
      <Filter>Source Files</Filter>
    </ClCompile>
    <ClCompile Include="..\lib\direct\direct_result.c">
      <Filter>Source Files</Filter>
    </ClCompile>
    <ClCompile Include="dllmain.c">
      <Filter>Source Files</Filter>
    </ClCompile>
  </ItemGroup>
</Project>