<?xml version="1.0" encoding="utf-8"?>
<Project ToolsVersion="4.0" xmlns="http://schemas.microsoft.com/developer/msbuild/2003">
  <ItemGroup>
    <Filter Include="Source Files">
      <UniqueIdentifier>{4FC737F1-C7A5-4376-A066-2A32D752A2FF}</UniqueIdentifier>
      <Extensions>cpp;c;cc;cxx;def;odl;idl;hpj;bat;asm;asmx</Extensions>
    </Filter>
    <Filter Include="Header Files">
      <UniqueIdentifier>{93995380-89BD-4b04-88EB-625FBE52EBFB}</UniqueIdentifier>
      <Extensions>h;hpp;hxx;hm;inl;inc;xsd</Extensions>
    </Filter>
    <Filter Include="Resource Files">
      <UniqueIdentifier>{67DA6AB6-F800-4c08-8B7A-83BB121AAD01}</UniqueIdentifier>
      <Extensions>rc;ico;cur;bmp;dlg;rc2;rct;bin;rgs;gif;jpg;jpeg;jpe;resx;tiff;tif;png;wav;mfcribbon-ms</Extensions>
    </Filter>
  </ItemGroup>
  <ItemGroup>
    <ClCompile Include="++dfb\idirectfb.cpp">
      <Filter>Source Files</Filter>
    </ClCompile>
    <ClCompile Include="++dfb\idirectfbdatabuffer.cpp">
      <Filter>Source Files</Filter>
    </ClCompile>
    <ClCompile Include="++dfb\idirectfbdisplaylayer.cpp">
      <Filter>Source Files</Filter>
    </ClCompile>
    <ClCompile Include="++dfb\idirectfbeventbuffer.cpp">
      <Filter>Source Files</Filter>
    </ClCompile>
    <ClCompile Include="++dfb\idirectfbfont.cpp">
      <Filter>Source Files</Filter>
    </ClCompile>
    <ClCompile Include="++dfb\idirectfbimageprovider.cpp">
      <Filter>Source Files</Filter>
    </ClCompile>
    <ClCompile Include="++dfb\idirectfbinputdevice.cpp">
      <Filter>Source Files</Filter>
    </ClCompile>
    <ClCompile Include="++dfb\idirectfbpalette.cpp">
      <Filter>Source Files</Filter>
    </ClCompile>
    <ClCompile Include="++dfb\idirectfbscreen.cpp">
      <Filter>Source Files</Filter>
    </ClCompile>
    <ClCompile Include="++dfb\idirectfbsurface.cpp">
      <Filter>Source Files</Filter>
    </ClCompile>
    <ClCompile Include="++dfb\idirectfbvideoprovider.cpp">
      <Filter>Source Files</Filter>
    </ClCompile>
    <ClCompile Include="++dfb\idirectfbwindow.cpp">
      <Filter>Source Files</Filter>
    </ClCompile>
    <ClCompile Include="++dfb\ppdfb.cpp">
      <Filter>Source Files</Filter>
    </ClCompile>
  </ItemGroup>
  <ItemGroup>
    <ClInclude Include="++dfb\++dfb_internal.h">
      <Filter>Header Files</Filter>
    </ClInclude>
    <ClInclude Include="include\++dfb.h">
      <Filter>Header Files</Filter>
    </ClInclude>
    <ClInclude Include="include\idirectfb.h">
      <Filter>Header Files</Filter>
    </ClInclude>
    <ClInclude Include="include\idirectfbdatabuffer.h">
      <Filter>Header Files</Filter>
    </ClInclude>
    <ClInclude Include="include\idirectfbdisplaylayer.h">
      <Filter>Header Files</Filter>
    </ClInclude>
    <ClInclude Include="include\idirectfbeventbuffer.h">
      <Filter>Header Files</Filter>
    </ClInclude>
    <ClInclude Include="include\idirectfbfont.h">
      <Filter>Header Files</Filter>
    </ClInclude>
    <ClInclude Include="include\idirectfbimageprovider.h">
      <Filter>Header Files</Filter>
    </ClInclude>
    <ClInclude Include="include\idirectfbinputdevice.h">
      <Filter>Header Files</Filter>
    </ClInclude>
    <ClInclude Include="include\idirectfbpalette.h">
      <Filter>Header Files</Filter>
    </ClInclude>
    <ClInclude Include="include\idirectfbscreen.h">
      <Filter>Header Files</Filter>
    </ClInclude>
    <ClInclude Include="include\idirectfbsurface.h">
      <Filter>Header Files</Filter>
    </ClInclude>
    <ClInclude Include="include\idirectfbvideoprovider.h">
      <Filter>Header Files</Filter>
    </ClInclude>
    <ClInclude Include="include\idirectfbwindow.h">
      <Filter>Header Files</Filter>
    </ClInclude>
  </ItemGroup>
</Project>