<?xml version="1.0" encoding="utf-8"?>
<Project ToolsVersion="4.0" xmlns="http://schemas.microsoft.com/developer/msbuild/2003">
  <ItemGroup>
    <Filter Include="Source Files">
      <UniqueIdentifier>{4FC737F1-C7A5-4376-A066-2A32D752A2FF}</UniqueIdentifier>
      <Extensions>cpp;c;cc;cxx;def;odl;idl;hpj;bat;asm;asmx</Extensions>
    </Filter>
    <Filter Include="Header Files">
      <UniqueIdentifier>{93995380-89BD-4b04-88EB-625FBE52EBFB}</UniqueIdentifier>
      <Extensions>h;hpp;hxx;hm;inl;inc;xsd</Extensions>
    </Filter>
    <Filter Include="Resource Files">
      <UniqueIdentifier>{67DA6AB6-F800-4c08-8B7A-83BB121AAD01}</UniqueIdentifier>
      <Extensions>rc;ico;cur;bmp;dlg;rc2;rct;bin;rgs;gif;jpg;jpeg;jpe;resx;tiff;tif;png;wav;mfcribbon-ms</Extensions>
    </Filter>
  </ItemGroup>
  <ItemGroup>
    <ClCompile Include="..\..\proxy\dispatcher\idirectfbdatabuffer_dispatcher.c">
      <Filter>Source Files</Filter>
    </ClCompile>
    <ClCompile Include="..\..\proxy\dispatcher\idirectfbeventbuffer_dispatcher.c">
      <Filter>Source Files</Filter>
    </ClCompile>
    <ClCompile Include="..\..\proxy\requestor\idirectfb_requestor.c">
      <Filter>Source Files</Filter>
    </ClCompile>
    <ClCompile Include="..\..\proxy\requestor\idirectfbdatabuffer_requestor.c">
      <Filter>Source Files</Filter>
    </ClCompile>
    <ClCompile Include="..\..\proxy\requestor\idirectfbdisplaylayer_requestor.c">
      <Filter>Source Files</Filter>
    </ClCompile>
    <ClCompile Include="..\..\proxy\requestor\idirectfbeventbuffer_requestor.c">
      <Filter>Source Files</Filter>
    </ClCompile>
    <ClCompile Include="..\..\proxy\requestor\idirectfbfont_requestor.c">
      <Filter>Source Files</Filter>
    </ClCompile>
    <ClCompile Include="..\..\proxy\requestor\idirectfbimageprovider_requestor.c">
      <Filter>Source Files</Filter>
    </ClCompile>
    <ClCompile Include="..\..\proxy\requestor\idirectfbinputdevice_requestor.c">
      <Filter>Source Files</Filter>
    </ClCompile>
    <ClCompile Include="..\..\proxy\requestor\idirectfbpalette_requestor.c">
      <Filter>Source Files</Filter>
    </ClCompile>
    <ClCompile Include="..\..\proxy\requestor\idirectfbscreen_requestor.c">
      <Filter>Source Files</Filter>
    </ClCompile>
    <ClCompile Include="..\..\proxy\requestor\idirectfbsurface_requestor.c">
      <Filter>Source Files</Filter>
    </ClCompile>
    <ClCompile Include="..\..\proxy\requestor\idirectfbwindow_requestor.c">
      <Filter>Source Files</Filter>
    </ClCompile>
    <ClCompile Include="..\..\src\directfb.c">
      <Filter>Source Files</Filter>
    </ClCompile>
    <ClCompile Include="..\..\src\media\idirectfbdatabuffer.c">
      <Filter>Source Files</Filter>
    </ClCompile>
    <ClCompile Include="..\..\src\media\idirectfbdatabuffer_file.c">
      <Filter>Source Files</Filter>
    </ClCompile>
    <ClCompile Include="..\..\src\media\idirectfbdatabuffer_memory.c">
      <Filter>Source Files</Filter>
    </ClCompile>
    <ClCompile Include="..\..\src\media\idirectfbdatabuffer_streamed.c">
      <Filter>Source Files</Filter>
    </ClCompile>
    <ClCompile Include="..\..\src\input\idirectfbinputbuffer.c">
      <Filter>Source Files</Filter>
    </ClCompile>
    <ClCompile Include="..\..\src\misc\conf.c">
      <Filter>Source Files</Filter>
    </ClCompile>
    <ClCompile Include="..\..\src\misc\util.c">
      <Filter>Source Files</Filter>
    </ClCompile>
    <ClCompile Include="dllmain.c">
      <Filter>Source Files</Filter>
    </ClCompile>
    <ClCompile Include="..\..\src\directfb_result.c">
      <Filter>Source Files</Filter>
    </ClCompile>
    <ClCompile Include="..\..\src\init.c">
      <Filter>Source Files</Filter>
    </ClCompile>
  </ItemGroup>
  <ItemGroup>
    <ClInclude Include="..\..\src\media\idirectfbdatabuffer.h">
      <Filter>Header Files</Filter>
    </ClInclude>
    <ClInclude Include="..\..\src\media\idirectfbfont.h">
      <Filter>Header Files</Filter>
    </ClInclude>
    <ClInclude Include="..\..\src\media\idirectfbimageprovider.h">
      <Filter>Header Files</Filter>
    </ClInclude>
    <ClInclude Include="..\..\src\media\idirectfbvideoprovider.h">
      <Filter>Header Files</Filter>
    </ClInclude>
    <ClInclude Include="..\..\include\dfb_types.h">
      <Filter>Header Files</Filter>
    </ClInclude>
    <ClInclude Include="..\..\include\directfb.h">
      <Filter>Header Files</Filter>
    </ClInclude>
    <ClInclude Include="..\..\include\directfb_keyboard.h">
      <Filter>Header Files</Filter>
    </ClInclude>
    <ClInclude Include="..\..\include\directfb_util.h">
      <Filter>Header Files</Filter>
    </ClInclude>
    <ClInclude Include="..\directfb_version.h">
      <Filter>Header Files</Filter>
    </ClInclude>
    <ClInclude Include="..\config.h">
      <Filter>Header Files</Filter>
    </ClInclude>
    <ClInclude Include="..\..\src\gfx\convert.h">
      <Filter>Header Files</Filter>
    </ClInclude>
    <ClInclude Include="..\..\src\misc\conf.h">
      <Filter>Header Files</Filter>
    </ClInclude>
    <ClInclude Include="..\..\proxy\dispatcher\idirectfb_dispatcher.h">
      <Filter>Header Files</Filter>
    </ClInclude>
    <ClInclude Include="..\..\proxy\dispatcher\idirectfbdatabuffer_dispatcher.h">
      <Filter>Header Files</Filter>
    </ClInclude>
    <ClInclude Include="..\..\proxy\dispatcher\idirectfbdisplaylayer_dispatcher.h">
      <Filter>Header Files</Filter>
    </ClInclude>
    <ClInclude Include="..\..\proxy\dispatcher\idirectfbeventbuffer_dispatcher.h">
      <Filter>Header Files</Filter>
    </ClInclude>
    <ClInclude Include="..\..\proxy\dispatcher\idirectfbfont_dispatcher.h">
      <Filter>Header Files</Filter>
    </ClInclude>
    <ClInclude Include="..\..\proxy\dispatcher\idirectfbfoo_dispatcher.h">
      <Filter>Header Files</Filter>
    </ClInclude>
    <ClInclude Include="..\..\proxy\dispatcher\idirectfbimageprovider_dispatcher.h">
      <Filter>Header Files</Filter>
    </ClInclude>
    <ClInclude Include="..\..\proxy\dispatcher\idirectfbinputdevice_dispatcher.h">
      <Filter>Header Files</Filter>
    </ClInclude>
    <ClInclude Include="..\..\proxy\dispatcher\idirectfbpalette_dispatcher.h">
      <Filter>Header Files</Filter>
    </ClInclude>
    <ClInclude Include="..\..\proxy\dispatcher\idirectfbscreen_dispatcher.h">
      <Filter>Header Files</Filter>
    </ClInclude>
    <ClInclude Include="..\..\proxy\dispatcher\idirectfbsurface_dispatcher.h">
      <Filter>Header Files</Filter>
    </ClInclude>
    <ClInclude Include="..\..\proxy\dispatcher\idirectfbwindow_dispatcher.h">
      <Filter>Header Files</Filter>
    </ClInclude>
    <ClInclude Include="..\..\src\init.h">
      <Filter>Header Files</Filter>
    </ClInclude>
  </ItemGroup>
</Project>