
Microsoft Visual Studio Solution File, Format Version 11.00
# Visual C++ Express 2010
Project("{8BC9CEB8-8B4A-11D0-8D11-00A0C91BC942}") = "libdirect", "libdirect\libdirect.vcxproj", "{11CEC1AC-E540-0C4B-D031-DE168E661580}"
EndProject
Project("{8BC9CEB8-8B4A-11D0-8D11-00A0C91BC942}") = "direct_test", "direct_test\direct_test.vcxproj", "{E1A1F495-349E-4B87-ADD8-0C229FBEB0B0}"
	ProjectSection(ProjectDependencies) = postProject
		{11CEC1AC-E540-0C4B-D031-DE168E661580} = {11CEC1AC-E540-0C4B-D031-DE168E661580}
	EndProjectSection
EndProject
Project("{8BC9CEB8-8B4A-11D0-8D11-00A0C91BC942}") = "libvoodoo", "libvoodoo\libvoodoo.vcxproj", "{B3A8D9FF-36AA-45BB-BB59-FFC47E9056FE}"
	ProjectSection(ProjectDependencies) = postProject
		{11CEC1AC-E540-0C4B-D031-DE168E661580} = {11CEC1AC-E540-0C4B-D031-DE168E661580}
	EndProjectSection
EndProject
Project("{8BC9CEB8-8B4A-11D0-8D11-00A0C91BC942}") = "libdirectfb", "libdirectfb\libdirectfb.vcxproj", "{512961B1-CDF6-4C5F-B0BA-518E96DD252D}"
	ProjectSection(ProjectDependencies) = postProject
		{11CEC1AC-E540-0C4B-D031-DE168E661580} = {11CEC1AC-E540-0C4B-D031-DE168E661580}
		{57900E99-A405-49F4-83B2-0254117D041B} = {57900E99-A405-49F4-83B2-0254117D041B}
		{B3A8D9FF-36AA-45BB-BB59-FFC47E9056FE} = {B3A8D9FF-36AA-45BB-BB59-FFC47E9056FE}
	EndProjectSection
EndProject
Project("{8BC9CEB8-8B4A-11D0-8D11-00A0C91BC942}") = "libfusion", "libfusion\libfusion.vcxproj", "{57900E99-A405-49F4-83B2-0254117D041B}"
	ProjectSection(ProjectDependencies) = postProject
		{11CEC1AC-E540-0C4B-D031-DE168E661580} = {11CEC1AC-E540-0C4B-D031-DE168E661580}
	EndProjectSection
EndProject
Project("{8BC9CEB8-8B4A-11D0-8D11-00A0C91BC942}") = "dfbinfo", "dfbinfo\dfbinfo.vcxproj", "{C00CABA0-EC99-45A6-B812-3E80BDF8F084}"
	ProjectSection(ProjectDependencies) = postProject
		{11CEC1AC-E540-0C4B-D031-DE168E661580} = {11CEC1AC-E540-0C4B-D031-DE168E661580}
		{57900E99-A405-49F4-83B2-0254117D041B} = {57900E99-A405-49F4-83B2-0254117D041B}
		{512961B1-CDF6-4C5F-B0BA-518E96DD252D} = {512961B1-CDF6-4C5F-B0BA-518E96DD252D}
		{B3A8D9FF-36AA-45BB-BB59-FFC47E9056FE} = {B3A8D9FF-36AA-45BB-BB59-FFC47E9056FE}
	EndProjectSection
EndProject
Project("{8BC9CEB8-8B4A-11D0-8D11-00A0C91BC942}") = "dfbtest_window", "dfbtest_window\dfbtest_window.vcxproj", "{0C661652-C0D3-41EA-B59D-B00EDDC7EFD0}"
	ProjectSection(ProjectDependencies) = postProject
		{11CEC1AC-E540-0C4B-D031-DE168E661580} = {11CEC1AC-E540-0C4B-D031-DE168E661580}
		{57900E99-A405-49F4-83B2-0254117D041B} = {57900E99-A405-49F4-83B2-0254117D041B}
		{512961B1-CDF6-4C5F-B0BA-518E96DD252D} = {512961B1-CDF6-4C5F-B0BA-518E96DD252D}
		{B3A8D9FF-36AA-45BB-BB59-FFC47E9056FE} = {B3A8D9FF-36AA-45BB-BB59-FFC47E9056FE}
	EndProjectSection
EndProject
Project("{8BC9CEB8-8B4A-11D0-8D11-00A0C91BC942}") = "dfbtest_fillrect", "dfbtest_fillrect\dfbtest_fillrect.vcxproj", "{CD0D1D65-D4D3-43F6-8253-4EB775A5E58F}"
EndProject
Project("{8BC9CEB8-8B4A-11D0-8D11-00A0C91BC942}") = "FormsTest", "FormsTest\FormsTest.vcxproj", "{C0584A00-CAAE-4CD2-8C7E-4347C65D594B}"
	ProjectSection(ProjectDependencies) = postProject
		{11CEC1AC-E540-0C4B-D031-DE168E661580} = {11CEC1AC-E540-0C4B-D031-DE168E661580}
		{4C78FA21-D818-4815-A42F-F69BEEFEE5B2} = {4C78FA21-D818-4815-A42F-F69BEEFEE5B2}
		{57900E99-A405-49F4-83B2-0254117D041B} = {57900E99-A405-49F4-83B2-0254117D041B}
		{512961B1-CDF6-4C5F-B0BA-518E96DD252D} = {512961B1-CDF6-4C5F-B0BA-518E96DD252D}
		{8FD788EF-058C-4D49-92B5-3A66A7ABBBCB} = {8FD788EF-058C-4D49-92B5-3A66A7ABBBCB}
		{B3A8D9FF-36AA-45BB-BB59-FFC47E9056FE} = {B3A8D9FF-36AA-45BB-BB59-FFC47E9056FE}
	EndProjectSection
EndProject
Project("{8BC9CEB8-8B4A-11D0-8D11-00A0C91BC942}") = "voodooplay", "voodooplay\voodooplay.vcxproj", "{21D9A3C9-5335-46DD-BD0D-BE1B32AA3445}"
EndProject
Project("{8BC9CEB8-8B4A-11D0-8D11-00A0C91BC942}") = "FusionDale", "FusionDale\FusionDale.vcxproj", "{4C78FA21-D818-4815-A42F-F69BEEFEE5B2}"
	ProjectSection(ProjectDependencies) = postProject
		{11CEC1AC-E540-0C4B-D031-DE168E661580} = {11CEC1AC-E540-0C4B-D031-DE168E661580}
		{57900E99-A405-49F4-83B2-0254117D041B} = {57900E99-A405-49F4-83B2-0254117D041B}
		{512961B1-CDF6-4C5F-B0BA-518E96DD252D} = {512961B1-CDF6-4C5F-B0BA-518E96DD252D}
		{B3A8D9FF-36AA-45BB-BB59-FFC47E9056FE} = {B3A8D9FF-36AA-45BB-BB59-FFC47E9056FE}
	EndProjectSection
EndProject
Project("{8BC9CEB8-8B4A-11D0-8D11-00A0C91BC942}") = "DiVine", "DiVine\DiVine.vcxproj", "{8FD788EF-058C-4D49-92B5-3A66A7ABBBCB}"
	ProjectSection(ProjectDependencies) = postProject
		{11CEC1AC-E540-0C4B-D031-DE168E661580} = {11CEC1AC-E540-0C4B-D031-DE168E661580}
		{57900E99-A405-49F4-83B2-0254117D041B} = {57900E99-A405-49F4-83B2-0254117D041B}
		{512961B1-CDF6-4C5F-B0BA-518E96DD252D} = {512961B1-CDF6-4C5F-B0BA-518E96DD252D}
		{B3A8D9FF-36AA-45BB-BB59-FFC47E9056FE} = {B3A8D9FF-36AA-45BB-BB59-FFC47E9056FE}
	EndProjectSection
EndProject
Project("{8BC9CEB8-8B4A-11D0-8D11-00A0C91BC942}") = "dfbtest_blit", "dfbtest_blit\dfbtest_blit.vcxproj", "{F91398D9-B7E9-40BC-BFB8-CAC86C5BB9A3}"
	ProjectSection(ProjectDependencies) = postProject
		{11CEC1AC-E540-0C4B-D031-DE168E661580} = {11CEC1AC-E540-0C4B-D031-DE168E661580}
		{57900E99-A405-49F4-83B2-0254117D041B} = {57900E99-A405-49F4-83B2-0254117D041B}
		{512961B1-CDF6-4C5F-B0BA-518E96DD252D} = {512961B1-CDF6-4C5F-B0BA-518E96DD252D}
		{8FD788EF-058C-4D49-92B5-3A66A7ABBBCB} = {8FD788EF-058C-4D49-92B5-3A66A7ABBBCB}
		{B3A8D9FF-36AA-45BB-BB59-FFC47E9056FE} = {B3A8D9FF-36AA-45BB-BB59-FFC47E9056FE}
	EndProjectSection
EndProject
Global
	GlobalSection(SolutionConfigurationPlatforms) = preSolution
		Debug|Win32 = Debug|Win32
		Release|Win32 = Release|Win32
	EndGlobalSection
	GlobalSection(ProjectConfigurationPlatforms) = postSolution
		{11CEC1AC-E540-0C4B-D031-DE168E661580}.Debug|Win32.ActiveCfg = Debug|Win32
		{11CEC1AC-E540-0C4B-D031-DE168E661580}.Debug|Win32.Build.0 = Debug|Win32
		{11CEC1AC-E540-0C4B-D031-DE168E661580}.Release|Win32.ActiveCfg = Release|Win32
		{11CEC1AC-E540-0C4B-D031-DE168E661580}.Release|Win32.Build.0 = Release|Win32
		{E1A1F495-349E-4B87-ADD8-0C229FBEB0B0}.Debug|Win32.ActiveCfg = Debug|Win32
		{E1A1F495-349E-4B87-ADD8-0C229FBEB0B0}.Debug|Win32.Build.0 = Debug|Win32
		{E1A1F495-349E-4B87-ADD8-0C229FBEB0B0}.Release|Win32.ActiveCfg = Release|Win32
		{E1A1F495-349E-4B87-ADD8-0C229FBEB0B0}.Release|Win32.Build.0 = Release|Win32
		{B3A8D9FF-36AA-45BB-BB59-FFC47E9056FE}.Debug|Win32.ActiveCfg = Debug|Win32
		{B3A8D9FF-36AA-45BB-BB59-FFC47E9056FE}.Debug|Win32.Build.0 = Debug|Win32
		{B3A8D9FF-36AA-45BB-BB59-FFC47E9056FE}.Release|Win32.ActiveCfg = Release|Win32
		{B3A8D9FF-36AA-45BB-BB59-FFC47E9056FE}.Release|Win32.Build.0 = Release|Win32
		{512961B1-CDF6-4C5F-B0BA-518E96DD252D}.Debug|Win32.ActiveCfg = Debug|Win32
		{512961B1-CDF6-4C5F-B0BA-518E96DD252D}.Debug|Win32.Build.0 = Debug|Win32
		{512961B1-CDF6-4C5F-B0BA-518E96DD252D}.Release|Win32.ActiveCfg = Release|Win32
		{512961B1-CDF6-4C5F-B0BA-518E96DD252D}.Release|Win32.Build.0 = Release|Win32
		{57900E99-A405-49F4-83B2-0254117D041B}.Debug|Win32.ActiveCfg = Debug|Win32
		{57900E99-A405-49F4-83B2-0254117D041B}.Debug|Win32.Build.0 = Debug|Win32
		{57900E99-A405-49F4-83B2-0254117D041B}.Release|Win32.ActiveCfg = Release|Win32
		{57900E99-A405-49F4-83B2-0254117D041B}.Release|Win32.Build.0 = Release|Win32
		{C00CABA0-EC99-45A6-B812-3E80BDF8F084}.Debug|Win32.ActiveCfg = Debug|Win32
		{C00CABA0-EC99-45A6-B812-3E80BDF8F084}.Debug|Win32.Build.0 = Debug|Win32
		{C00CABA0-EC99-45A6-B812-3E80BDF8F084}.Release|Win32.ActiveCfg = Release|Win32
		{C00CABA0-EC99-45A6-B812-3E80BDF8F084}.Release|Win32.Build.0 = Release|Win32
		{0C661652-C0D3-41EA-B59D-B00EDDC7EFD0}.Debug|Win32.ActiveCfg = Debug|Win32
		{0C661652-C0D3-41EA-B59D-B00EDDC7EFD0}.Debug|Win32.Build.0 = Debug|Win32
		{0C661652-C0D3-41EA-B59D-B00EDDC7EFD0}.Release|Win32.ActiveCfg = Release|Win32
		{0C661652-C0D3-41EA-B59D-B00EDDC7EFD0}.Release|Win32.Build.0 = Release|Win32
		{CD0D1D65-D4D3-43F6-8253-4EB775A5E58F}.Debug|Win32.ActiveCfg = Debug|Win32
		{CD0D1D65-D4D3-43F6-8253-4EB775A5E58F}.Debug|Win32.Build.0 = Debug|Win32
		{CD0D1D65-D4D3-43F6-8253-4EB775A5E58F}.Release|Win32.ActiveCfg = Release|Win32
		{CD0D1D65-D4D3-43F6-8253-4EB775A5E58F}.Release|Win32.Build.0 = Release|Win32
		{C0584A00-CAAE-4CD2-8C7E-4347C65D594B}.Debug|Win32.ActiveCfg = Debug|Win32
		{C0584A00-CAAE-4CD2-8C7E-4347C65D594B}.Debug|Win32.Build.0 = Debug|Win32
		{C0584A00-CAAE-4CD2-8C7E-4347C65D594B}.Release|Win32.ActiveCfg = Release|Win32
		{C0584A00-CAAE-4CD2-8C7E-4347C65D594B}.Release|Win32.Build.0 = Release|Win32
		{21D9A3C9-5335-46DD-BD0D-BE1B32AA3445}.Debug|Win32.ActiveCfg = Debug|Win32
		{21D9A3C9-5335-46DD-BD0D-BE1B32AA3445}.Debug|Win32.Build.0 = Debug|Win32
		{21D9A3C9-5335-46DD-BD0D-BE1B32AA3445}.Release|Win32.ActiveCfg = Release|Win32
		{21D9A3C9-5335-46DD-BD0D-BE1B32AA3445}.Release|Win32.Build.0 = Release|Win32
		{4C78FA21-D818-4815-A42F-F69BEEFEE5B2}.Debug|Win32.ActiveCfg = Debug|Win32
		{4C78FA21-D818-4815-A42F-F69BEEFEE5B2}.Debug|Win32.Build.0 = Debug|Win32
		{4C78FA21-D818-4815-A42F-F69BEEFEE5B2}.Release|Win32.ActiveCfg = Release|Win32
		{4C78FA21-D818-4815-A42F-F69BEEFEE5B2}.Release|Win32.Build.0 = Release|Win32
		{8FD788EF-058C-4D49-92B5-3A66A7ABBBCB}.Debug|Win32.ActiveCfg = Debug|Win32
		{8FD788EF-058C-4D49-92B5-3A66A7ABBBCB}.Debug|Win32.Build.0 = Debug|Win32
		{8FD788EF-058C-4D49-92B5-3A66A7ABBBCB}.Release|Win32.ActiveCfg = Release|Win32
		{8FD788EF-058C-4D49-92B5-3A66A7ABBBCB}.Release|Win32.Build.0 = Release|Win32
		{F91398D9-B7E9-40BC-BFB8-CAC86C5BB9A3}.Debug|Win32.ActiveCfg = Debug|Win32
		{F91398D9-B7E9-40BC-BFB8-CAC86C5BB9A3}.Debug|Win32.Build.0 = Debug|Win32
		{F91398D9-B7E9-40BC-BFB8-CAC86C5BB9A3}.Release|Win32.ActiveCfg = Release|Win32
		{F91398D9-B7E9-40BC-BFB8-CAC86C5BB9A3}.Release|Win32.Build.0 = Release|Win32
	EndGlobalSection
	GlobalSection(SolutionProperties) = preSolution
		HideSolutionNode = FALSE
	EndGlobalSection
EndGlobal
